
Microsoft Visual Studio Solution File, Format Version 12.00
# Visual Studio Version 16
VisualStudioVersion = 16.0.29519.87
MinimumVisualStudioVersion = 10.0.40219.1
Project("{FAE04EC0-301F-11D3-BF4B-00C04F79EFBC}") = "Model", "Model\Model.csproj", "{14D92FA7-E690-48CD-9CE8-E3145925D27C}"
EndProject
Project("{FAE04EC0-301F-11D3-BF4B-00C04F79EFBC}") = "View", "View\View.csproj", "{1ACA50C8-AF61-40EE-8362-4CFBC24B8ABE}"
EndProject
Global
	GlobalSection(SolutionConfigurationPlatforms) = preSolution
		Debug|Any CPU = Debug|Any CPU
		Release|Any CPU = Release|Any CPU
	EndGlobalSection
	GlobalSection(ProjectConfigurationPlatforms) = postSolution
		{14D92FA7-E690-48CD-9CE8-E3145925D27C}.Debug|Any CPU.ActiveCfg = Debug|Any CPU
		{14D92FA7-E690-48CD-9CE8-E3145925D27C}.Debug|Any CPU.Build.0 = Debug|Any CPU
		{14D92FA7-E690-48CD-9CE8-E3145925D27C}.Release|Any CPU.ActiveCfg = Release|Any CPU
		{14D92FA7-E690-48CD-9CE8-E3145925D27C}.Release|Any CPU.Build.0 = Release|Any CPU
		{1ACA50C8-AF61-40EE-8362-4CFBC24B8ABE}.Debug|Any CPU.ActiveCfg = Debug|Any CPU
		{1ACA50C8-AF61-40EE-8362-4CFBC24B8ABE}.Debug|Any CPU.Build.0 = Debug|Any CPU
		{1ACA50C8-AF61-40EE-8362-4CFBC24B8ABE}.Release|Any CPU.ActiveCfg = Release|Any CPU
		{1ACA50C8-AF61-40EE-8362-4CFBC24B8ABE}.Release|Any CPU.Build.0 = Release|Any CPU
	EndGlobalSection
	GlobalSection(SolutionProperties) = preSolution
		HideSolutionNode = FALSE
	EndGlobalSection
	GlobalSection(ExtensibilityGlobals) = postSolution
		SolutionGuid = {DEA7A1B9-4B1C-4D6D-B43F-184B4F4EB8C1}
	EndGlobalSection
EndGlobal
